
Microsoft Visual Studio Solution File, Format Version 12.00
# Visual Studio Version 16
VisualStudioVersion = 16.0.30611.23
MinimumVisualStudioVersion = 10.0.40219.1
Project("{9A19103F-16F7-4668-BE54-9A1E7A4F7556}") = "Cas2_Zadatak1", "Cas2_Zadatak1\Cas2_Zadatak1.csproj", "{A3E2171E-2D48-4770-8493-83C95A272013}"
EndProject
Project("{9A19103F-16F7-4668-BE54-9A1E7A4F7556}") = "Cas2_Zadatak1_Tata", "Cas2_Zadatak1_Tata\Cas2_Zadatak1_Tata.csproj", "{2CC2937F-FCB0-42B1-8AFD-FE5906094A7F}"
EndProject
Project("{9A19103F-16F7-4668-BE54-9A1E7A4F7556}") = "Cas3_Zadatak1", "Cas3_Zadatak1\Cas3_Zadatak1.csproj", "{3783DBCF-71D6-442F-94EE-FA6FED087E19}"
EndProject
Project("{FAE04EC0-301F-11D3-BF4B-00C04F79EFBC}") = "Cas3_Zadatak2", "Cas3_Zadatak2\Cas3_Zadatak2.csproj", "{4DE46025-A1B4-4FD3-B79A-2A19594869B8}"
EndProject
Project("{9A19103F-16F7-4668-BE54-9A1E7A4F7556}") = "Cas4_Zadatak4", "Cas4_Zadatak4\Cas4_Zadatak4.csproj", "{B2B38D89-9AB6-4D14-8653-6963AE6FB86A}"
EndProject
Project("{9A19103F-16F7-4668-BE54-9A1E7A4F7556}") = "Cas4_Zadatak0", "Cas4_Zadatak0\Cas4_Zadatak0.csproj", "{5C83A09C-81FB-4366-94D5-6DE426AC53D8}"
EndProject
Project("{FAE04EC0-301F-11D3-BF4B-00C04F79EFBC}") = "Cas5_zadatak3", "Cas5_zadatak3\Cas5_zadatak3.csproj", "{31FD58EA-1F59-4695-BA7B-5E662A82A7A4}"
EndProject
Project("{FAE04EC0-301F-11D3-BF4B-00C04F79EFBC}") = "Cas5_zadatak4", "Cas5_zadatak4\Cas5_zadatak4.csproj", "{6B6E0AE8-5EA6-468E-8C15-D0A3C49A6EEE}"
EndProject
Project("{FAE04EC0-301F-11D3-BF4B-00C04F79EFBC}") = "Cas5_zadatak5", "Cas5_zadatak5\Cas5_zadatak5.csproj", "{042B2001-6B3C-4480-A27E-30D638EB3000}"
EndProject
Global
	GlobalSection(SolutionConfigurationPlatforms) = preSolution
		Debug|Any CPU = Debug|Any CPU
		Release|Any CPU = Release|Any CPU
	EndGlobalSection
	GlobalSection(ProjectConfigurationPlatforms) = postSolution
		{A3E2171E-2D48-4770-8493-83C95A272013}.Debug|Any CPU.ActiveCfg = Debug|Any CPU
		{A3E2171E-2D48-4770-8493-83C95A272013}.Debug|Any CPU.Build.0 = Debug|Any CPU
		{A3E2171E-2D48-4770-8493-83C95A272013}.Release|Any CPU.ActiveCfg = Release|Any CPU
		{A3E2171E-2D48-4770-8493-83C95A272013}.Release|Any CPU.Build.0 = Release|Any CPU
		{2CC2937F-FCB0-42B1-8AFD-FE5906094A7F}.Debug|Any CPU.ActiveCfg = Debug|Any CPU
		{2CC2937F-FCB0-42B1-8AFD-FE5906094A7F}.Debug|Any CPU.Build.0 = Debug|Any CPU
		{2CC2937F-FCB0-42B1-8AFD-FE5906094A7F}.Release|Any CPU.ActiveCfg = Release|Any CPU
		{2CC2937F-FCB0-42B1-8AFD-FE5906094A7F}.Release|Any CPU.Build.0 = Release|Any CPU
		{3783DBCF-71D6-442F-94EE-FA6FED087E19}.Debug|Any CPU.ActiveCfg = Debug|Any CPU
		{3783DBCF-71D6-442F-94EE-FA6FED087E19}.Debug|Any CPU.Build.0 = Debug|Any CPU
		{3783DBCF-71D6-442F-94EE-FA6FED087E19}.Release|Any CPU.ActiveCfg = Release|Any CPU
		{3783DBCF-71D6-442F-94EE-FA6FED087E19}.Release|Any CPU.Build.0 = Release|Any CPU
		{4DE46025-A1B4-4FD3-B79A-2A19594869B8}.Debug|Any CPU.ActiveCfg = Debug|Any CPU
		{4DE46025-A1B4-4FD3-B79A-2A19594869B8}.Debug|Any CPU.Build.0 = Debug|Any CPU
		{4DE46025-A1B4-4FD3-B79A-2A19594869B8}.Release|Any CPU.ActiveCfg = Release|Any CPU
		{4DE46025-A1B4-4FD3-B79A-2A19594869B8}.Release|Any CPU.Build.0 = Release|Any CPU
		{B2B38D89-9AB6-4D14-8653-6963AE6FB86A}.Debug|Any CPU.ActiveCfg = Debug|Any CPU
		{B2B38D89-9AB6-4D14-8653-6963AE6FB86A}.Debug|Any CPU.Build.0 = Debug|Any CPU
		{B2B38D89-9AB6-4D14-8653-6963AE6FB86A}.Release|Any CPU.ActiveCfg = Release|Any CPU
		{B2B38D89-9AB6-4D14-8653-6963AE6FB86A}.Release|Any CPU.Build.0 = Release|Any CPU
		{5C83A09C-81FB-4366-94D5-6DE426AC53D8}.Debug|Any CPU.ActiveCfg = Debug|Any CPU
		{5C83A09C-81FB-4366-94D5-6DE426AC53D8}.Debug|Any CPU.Build.0 = Debug|Any CPU
		{5C83A09C-81FB-4366-94D5-6DE426AC53D8}.Release|Any CPU.ActiveCfg = Release|Any CPU
		{5C83A09C-81FB-4366-94D5-6DE426AC53D8}.Release|Any CPU.Build.0 = Release|Any CPU
		{31FD58EA-1F59-4695-BA7B-5E662A82A7A4}.Debug|Any CPU.ActiveCfg = Debug|Any CPU
		{31FD58EA-1F59-4695-BA7B-5E662A82A7A4}.Debug|Any CPU.Build.0 = Debug|Any CPU
		{31FD58EA-1F59-4695-BA7B-5E662A82A7A4}.Release|Any CPU.ActiveCfg = Release|Any CPU
		{31FD58EA-1F59-4695-BA7B-5E662A82A7A4}.Release|Any CPU.Build.0 = Release|Any CPU
		{6B6E0AE8-5EA6-468E-8C15-D0A3C49A6EEE}.Debug|Any CPU.ActiveCfg = Debug|Any CPU
		{6B6E0AE8-5EA6-468E-8C15-D0A3C49A6EEE}.Debug|Any CPU.Build.0 = Debug|Any CPU
		{6B6E0AE8-5EA6-468E-8C15-D0A3C49A6EEE}.Release|Any CPU.ActiveCfg = Release|Any CPU
		{6B6E0AE8-5EA6-468E-8C15-D0A3C49A6EEE}.Release|Any CPU.Build.0 = Release|Any CPU
		{042B2001-6B3C-4480-A27E-30D638EB3000}.Debug|Any CPU.ActiveCfg = Debug|Any CPU
		{042B2001-6B3C-4480-A27E-30D638EB3000}.Debug|Any CPU.Build.0 = Debug|Any CPU
		{042B2001-6B3C-4480-A27E-30D638EB3000}.Release|Any CPU.ActiveCfg = Release|Any CPU
		{042B2001-6B3C-4480-A27E-30D638EB3000}.Release|Any CPU.Build.0 = Release|Any CPU
	EndGlobalSection
	GlobalSection(SolutionProperties) = preSolution
		HideSolutionNode = FALSE
	EndGlobalSection
	GlobalSection(ExtensibilityGlobals) = postSolution
		SolutionGuid = {B6A1650B-0DEC-4CEB-A49C-A35F9A68FDE2}
	EndGlobalSection
EndGlobal
